
Microsoft Visual Studio Solution File, Format Version 12.00
# Visual Studio Version 17
VisualStudioVersion = 17.0.31903.59
MinimumVisualStudioVersion = 10.0.40219.1
Project("{2150E333-8FDC-42A3-9474-1A3956D46DE8}") = "src", "src", "{827E0CD3-B72D-47B6-A68D-7590B98EB39B}"
EndProject
Project("{2150E333-8FDC-42A3-9474-1A3956D46DE8}") = "TraduxAI.Client", "TraduxAI.Client", "{DBB5E18B-1EE7-0E33-9730-5F4592DAC420}"
EndProject
Project("{FAE04EC0-301F-11D3-BF4B-00C04F79EFBC}") = "TraduxAI.Client", "src\TraduxAI.Client\TraduxAI.Client\TraduxAI.Client.csproj", "{CCC74C3B-AB04-47F5-842B-9C73B0757755}"
EndProject
Project("{2150E333-8FDC-42A3-9474-1A3956D46DE8}") = "TraduxAI.Server", "TraduxAI.Server", "{2D520E2F-4F02-7ECB-58FC-7DC83C5BD8ED}"
EndProject
Project("{FAE04EC0-301F-11D3-BF4B-00C04F79EFBC}") = "TraduxAI.Server", "src\TraduxAI.Server\TraduxAI.Server\TraduxAI.Server.csproj", "{4343269A-5DEF-4D7D-8D46-6CEB9DD53206}"
EndProject
Project("{2150E333-8FDC-42A3-9474-1A3956D46DE8}") = "TraduxAI.Shared", "TraduxAI.Shared", "{CD121939-F3E8-F76B-7444-042610B4CB13}"
EndProject
Project("{FAE04EC0-301F-11D3-BF4B-00C04F79EFBC}") = "TraduxAI.Shared", "src\TraduxAI.Shared\TraduxAI.Shared\TraduxAI.Shared.csproj", "{C3211AB2-BE01-4FB2-B1FC-2EAF56DF0027}"
EndProject
Project("{2150E333-8FDC-42A3-9474-1A3956D46DE8}") = "TraduxAI.Translation.Core", "TraduxAI.Translation.Core", "{D16B040C-5798-197C-E0A8-00CCF4F11E0A}"
EndProject
Project("{FAE04EC0-301F-11D3-BF4B-00C04F79EFBC}") = "TraduxAI.Translation.Core", "src\TraduxAI.Translation.Core\TraduxAI.Translation.Core\TraduxAI.Translation.Core.csproj", "{63BC21D8-DC65-4BD8-9BB3-93723374B4A5}"
EndProject
Global
	GlobalSection(SolutionConfigurationPlatforms) = preSolution
		Debug|Any CPU = Debug|Any CPU
		Debug|x64 = Debug|x64
		Debug|x86 = Debug|x86
		Release|Any CPU = Release|Any CPU
		Release|x64 = Release|x64
		Release|x86 = Release|x86
	EndGlobalSection
	GlobalSection(ProjectConfigurationPlatforms) = postSolution
		{CCC74C3B-AB04-47F5-842B-9C73B0757755}.Debug|Any CPU.ActiveCfg = Debug|Any CPU
		{CCC74C3B-AB04-47F5-842B-9C73B0757755}.Debug|Any CPU.Build.0 = Debug|Any CPU
		{CCC74C3B-AB04-47F5-842B-9C73B0757755}.Debug|x64.ActiveCfg = Debug|Any CPU
		{CCC74C3B-AB04-47F5-842B-9C73B0757755}.Debug|x64.Build.0 = Debug|Any CPU
		{CCC74C3B-AB04-47F5-842B-9C73B0757755}.Debug|x86.ActiveCfg = Debug|Any CPU
		{CCC74C3B-AB04-47F5-842B-9C73B0757755}.Debug|x86.Build.0 = Debug|Any CPU
		{CCC74C3B-AB04-47F5-842B-9C73B0757755}.Release|Any CPU.ActiveCfg = Release|Any CPU
		{CCC74C3B-AB04-47F5-842B-9C73B0757755}.Release|Any CPU.Build.0 = Release|Any CPU
		{CCC74C3B-AB04-47F5-842B-9C73B0757755}.Release|x64.ActiveCfg = Release|Any CPU
		{CCC74C3B-AB04-47F5-842B-9C73B0757755}.Release|x64.Build.0 = Release|Any CPU
		{CCC74C3B-AB04-47F5-842B-9C73B0757755}.Release|x86.ActiveCfg = Release|Any CPU
		{CCC74C3B-AB04-47F5-842B-9C73B0757755}.Release|x86.Build.0 = Release|Any CPU
		{4343269A-5DEF-4D7D-8D46-6CEB9DD53206}.Debug|Any CPU.ActiveCfg = Debug|Any CPU
		{4343269A-5DEF-4D7D-8D46-6CEB9DD53206}.Debug|Any CPU.Build.0 = Debug|Any CPU
		{4343269A-5DEF-4D7D-8D46-6CEB9DD53206}.Debug|x64.ActiveCfg = Debug|Any CPU
		{4343269A-5DEF-4D7D-8D46-6CEB9DD53206}.Debug|x64.Build.0 = Debug|Any CPU
		{4343269A-5DEF-4D7D-8D46-6CEB9DD53206}.Debug|x86.ActiveCfg = Debug|Any CPU
		{4343269A-5DEF-4D7D-8D46-6CEB9DD53206}.Debug|x86.Build.0 = Debug|Any CPU
		{4343269A-5DEF-4D7D-8D46-6CEB9DD53206}.Release|Any CPU.ActiveCfg = Release|Any CPU
		{4343269A-5DEF-4D7D-8D46-6CEB9DD53206}.Release|Any CPU.Build.0 = Release|Any CPU
		{4343269A-5DEF-4D7D-8D46-6CEB9DD53206}.Release|x64.ActiveCfg = Release|Any CPU
		{4343269A-5DEF-4D7D-8D46-6CEB9DD53206}.Release|x64.Build.0 = Release|Any CPU
		{4343269A-5DEF-4D7D-8D46-6CEB9DD53206}.Release|x86.ActiveCfg = Release|Any CPU
		{4343269A-5DEF-4D7D-8D46-6CEB9DD53206}.Release|x86.Build.0 = Release|Any CPU
		{C3211AB2-BE01-4FB2-B1FC-2EAF56DF0027}.Debug|Any CPU.ActiveCfg = Debug|Any CPU
		{C3211AB2-BE01-4FB2-B1FC-2EAF56DF0027}.Debug|Any CPU.Build.0 = Debug|Any CPU
		{C3211AB2-BE01-4FB2-B1FC-2EAF56DF0027}.Debug|x64.ActiveCfg = Debug|Any CPU
		{C3211AB2-BE01-4FB2-B1FC-2EAF56DF0027}.Debug|x64.Build.0 = Debug|Any CPU
		{C3211AB2-BE01-4FB2-B1FC-2EAF56DF0027}.Debug|x86.ActiveCfg = Debug|Any CPU
		{C3211AB2-BE01-4FB2-B1FC-2EAF56DF0027}.Debug|x86.Build.0 = Debug|Any CPU
		{C3211AB2-BE01-4FB2-B1FC-2EAF56DF0027}.Release|Any CPU.ActiveCfg = Release|Any CPU
		{C3211AB2-BE01-4FB2-B1FC-2EAF56DF0027}.Release|Any CPU.Build.0 = Release|Any CPU
		{C3211AB2-BE01-4FB2-B1FC-2EAF56DF0027}.Release|x64.ActiveCfg = Release|Any CPU
		{C3211AB2-BE01-4FB2-B1FC-2EAF56DF0027}.Release|x64.Build.0 = Release|Any CPU
		{C3211AB2-BE01-4FB2-B1FC-2EAF56DF0027}.Release|x86.ActiveCfg = Release|Any CPU
		{C3211AB2-BE01-4FB2-B1FC-2EAF56DF0027}.Release|x86.Build.0 = Release|Any CPU
		{63BC21D8-DC65-4BD8-9BB3-93723374B4A5}.Debug|Any CPU.ActiveCfg = Debug|Any CPU
		{63BC21D8-DC65-4BD8-9BB3-93723374B4A5}.Debug|Any CPU.Build.0 = Debug|Any CPU
		{63BC21D8-DC65-4BD8-9BB3-93723374B4A5}.Debug|x64.ActiveCfg = Debug|Any CPU
		{63BC21D8-DC65-4BD8-9BB3-93723374B4A5}.Debug|x64.Build.0 = Debug|Any CPU
		{63BC21D8-DC65-4BD8-9BB3-93723374B4A5}.Debug|x86.ActiveCfg = Debug|Any CPU
		{63BC21D8-DC65-4BD8-9BB3-93723374B4A5}.Debug|x86.Build.0 = Debug|Any CPU
		{63BC21D8-DC65-4BD8-9BB3-93723374B4A5}.Release|Any CPU.ActiveCfg = Release|Any CPU
		{63BC21D8-DC65-4BD8-9BB3-93723374B4A5}.Release|Any CPU.Build.0 = Release|Any CPU
		{63BC21D8-DC65-4BD8-9BB3-93723374B4A5}.Release|x64.ActiveCfg = Release|Any CPU
		{63BC21D8-DC65-4BD8-9BB3-93723374B4A5}.Release|x64.Build.0 = Release|Any CPU
		{63BC21D8-DC65-4BD8-9BB3-93723374B4A5}.Release|x86.ActiveCfg = Release|Any CPU
		{63BC21D8-DC65-4BD8-9BB3-93723374B4A5}.Release|x86.Build.0 = Release|Any CPU
	EndGlobalSection
	GlobalSection(SolutionProperties) = preSolution
		HideSolutionNode = FALSE
	EndGlobalSection
	GlobalSection(NestedProjects) = preSolution
		{DBB5E18B-1EE7-0E33-9730-5F4592DAC420} = {827E0CD3-B72D-47B6-A68D-7590B98EB39B}
		{CCC74C3B-AB04-47F5-842B-9C73B0757755} = {DBB5E18B-1EE7-0E33-9730-5F4592DAC420}
		{2D520E2F-4F02-7ECB-58FC-7DC83C5BD8ED} = {827E0CD3-B72D-47B6-A68D-7590B98EB39B}
		{4343269A-5DEF-4D7D-8D46-6CEB9DD53206} = {2D520E2F-4F02-7ECB-58FC-7DC83C5BD8ED}
		{CD121939-F3E8-F76B-7444-042610B4CB13} = {827E0CD3-B72D-47B6-A68D-7590B98EB39B}
		{C3211AB2-BE01-4FB2-B1FC-2EAF56DF0027} = {CD121939-F3E8-F76B-7444-042610B4CB13}
		{D16B040C-5798-197C-E0A8-00CCF4F11E0A} = {827E0CD3-B72D-47B6-A68D-7590B98EB39B}
		{63BC21D8-DC65-4BD8-9BB3-93723374B4A5} = {D16B040C-5798-197C-E0A8-00CCF4F11E0A}
	EndGlobalSection
EndGlobal
